// !$*UTF8*$!
{
	archiveVersion = 1;
	classes = {
	};
	objectVersion = 55;
	objects = {

/* Begin PBXBuildFile section */
		B4FF89D327FB259300A6CDCD /* QuizApp.swift in Sources */ = {isa = PBXBuildFile; fileRef = B4FF89D227FB259300A6CDCD /* QuizApp.swift */; };
		B4FF89D727FB259900A6CDCD /* Assets.xcassets in Resources */ = {isa = PBXBuildFile; fileRef = B4FF89D627FB259900A6CDCD /* Assets.xcassets */; };
		B4FF89EE27FB259A00A6CDCD /* QuizUITests.swift in Sources */ = {isa = PBXBuildFile; fileRef = B4FF89ED27FB259A00A6CDCD /* QuizUITests.swift */; };
		B4FF89F027FB259A00A6CDCD /* QuizUITestsLaunchTests.swift in Sources */ = {isa = PBXBuildFile; fileRef = B4FF89EF27FB259A00A6CDCD /* QuizUITestsLaunchTests.swift */; };
		B4FF8A0827FB271800A6CDCD /* L10n.swift in Sources */ = {isa = PBXBuildFile; fileRef = B4FF8A0727FB271800A6CDCD /* L10n.swift */; };
		B4FF8A0927FB271C00A6CDCD /* Localizable.strings in Resources */ = {isa = PBXBuildFile; fileRef = B4FF8A0627FB270B00A6CDCD /* Localizable.strings */; };
		B4FF8A0E27FB276500A6CDCD /* AlertInfo.swift in Sources */ = {isa = PBXBuildFile; fileRef = B4FF8A0C27FB275C00A6CDCD /* AlertInfo.swift */; };
		B4FF8A0F27FB276700A6CDCD /* System.swift in Sources */ = {isa = PBXBuildFile; fileRef = B4FF8A0D27FB276000A6CDCD /* System.swift */; };
		B4FF8A1127FB277400A6CDCD /* Quiz.swift in Sources */ = {isa = PBXBuildFile; fileRef = B4FF8A1027FB277000A6CDCD /* Quiz.swift */; };
		B4FF8A1927FB289100A6CDCD /* QuizLoader.swift in Sources */ = {isa = PBXBuildFile; fileRef = B4FF8A1827FB288D00A6CDCD /* QuizLoader.swift */; };
		B4FF8A2327FB28DB00A6CDCD /* ResultViewModel.swift in Sources */ = {isa = PBXBuildFile; fileRef = B4FF8A1C27FB28C500A6CDCD /* ResultViewModel.swift */; };
		B4FF8A2427FB28DD00A6CDCD /* ResultViewModel.swift in Sources */ = {isa = PBXBuildFile; fileRef = B4FF8A1C27FB28C500A6CDCD /* ResultViewModel.swift */; };
		B4FF8A2527FB28E000A6CDCD /* ResultView.swift in Sources */ = {isa = PBXBuildFile; fileRef = B4FF8A1B27FB28C400A6CDCD /* ResultView.swift */; };
		B4FF8A2727FB28E300A6CDCD /* LoadedQuizView.swift in Sources */ = {isa = PBXBuildFile; fileRef = B4FF8A2227FB28C500A6CDCD /* LoadedQuizView.swift */; };
		B4FF8A2927FB28E700A6CDCD /* QuizView.swift in Sources */ = {isa = PBXBuildFile; fileRef = B4FF8A1F27FB28C500A6CDCD /* QuizView.swift */; };
		B4FF8A2A27FB28EC00A6CDCD /* QuizViewModel.swift in Sources */ = {isa = PBXBuildFile; fileRef = B4FF8A1E27FB28C500A6CDCD /* QuizViewModel.swift */; };
		B4FF8A2B27FB28EC00A6CDCD /* QuizViewModel.swift in Sources */ = {isa = PBXBuildFile; fileRef = B4FF8A1E27FB28C500A6CDCD /* QuizViewModel.swift */; };
		B4FF8A2C27FB28F100A6CDCD /* LoadedQuizViewModel.swift in Sources */ = {isa = PBXBuildFile; fileRef = B4FF8A2127FB28C500A6CDCD /* LoadedQuizViewModel.swift */; };
		B4FF8A2D27FB28F200A6CDCD /* LoadedQuizViewModel.swift in Sources */ = {isa = PBXBuildFile; fileRef = B4FF8A2127FB28C500A6CDCD /* LoadedQuizViewModel.swift */; };
		B4FF8A3127FB291100A6CDCD /* QuizViewModel+Preview.swift in Sources */ = {isa = PBXBuildFile; fileRef = B4FF8A2F27FB290E00A6CDCD /* QuizViewModel+Preview.swift */; };
		B4FF8A3227FB291100A6CDCD /* LoadedQuizViewModel+Preview.swift in Sources */ = {isa = PBXBuildFile; fileRef = B4FF8A2E27FB290E00A6CDCD /* LoadedQuizViewModel+Preview.swift */; };
		B4FF8A3327FB291100A6CDCD /* ResultViewModel+Preview.swift in Sources */ = {isa = PBXBuildFile; fileRef = B4FF8A3027FB290E00A6CDCD /* ResultViewModel+Preview.swift */; };
		B4FF8A3527FB292100A6CDCD /* PreviewQuizLoader.swift in Sources */ = {isa = PBXBuildFile; fileRef = B4FF8A3427FB291D00A6CDCD /* PreviewQuizLoader.swift */; };
		B4FF8A3827FB295900A6CDCD /* Array+String.swift in Sources */ = {isa = PBXBuildFile; fileRef = B4FF8A3627FB295500A6CDCD /* Array+String.swift */; };
		B4FF8A3927FB295C00A6CDCD /* Int.swift in Sources */ = {isa = PBXBuildFile; fileRef = B4FF8A3727FB295600A6CDCD /* Int.swift */; };
		B4FF8A3B27FB2EFE00A6CDCD /* TimerState.swift in Sources */ = {isa = PBXBuildFile; fileRef = B4FF8A3A27FB2EFE00A6CDCD /* TimerState.swift */; };
		B4FF8A4227FB2FC800A6CDCD /* QuizViewModelTests.swift in Sources */ = {isa = PBXBuildFile; fileRef = B4FF8A4127FB2FC500A6CDCD /* QuizViewModelTests.swift */; };
		B4FF8A4627FB2FEF00A6CDCD /* QuizLoader+Mock.swift in Sources */ = {isa = PBXBuildFile; fileRef = B4FF8A4427FB2FE600A6CDCD /* QuizLoader+Mock.swift */; };
		B4FF8A4727FB2FEF00A6CDCD /* Quiz+Mock.swift in Sources */ = {isa = PBXBuildFile; fileRef = B4FF8A4527FB2FE900A6CDCD /* Quiz+Mock.swift */; };
		B4FF8A4827FB2FFC00A6CDCD /* QuizLoader.swift in Sources */ = {isa = PBXBuildFile; fileRef = B4FF8A1827FB288D00A6CDCD /* QuizLoader.swift */; };
		B4FF8A4927FB303100A6CDCD /* Quiz.swift in Sources */ = {isa = PBXBuildFile; fileRef = B4FF8A1027FB277000A6CDCD /* Quiz.swift */; };
		B4FF8A4A27FB304800A6CDCD /* Int.swift in Sources */ = {isa = PBXBuildFile; fileRef = B4FF8A3727FB295600A6CDCD /* Int.swift */; };
		B4FF8A4B27FB304B00A6CDCD /* Array+String.swift in Sources */ = {isa = PBXBuildFile; fileRef = B4FF8A3627FB295500A6CDCD /* Array+String.swift */; };
		B4FF8A4C27FB305500A6CDCD /* AlertInfo.swift in Sources */ = {isa = PBXBuildFile; fileRef = B4FF8A0C27FB275C00A6CDCD /* AlertInfo.swift */; };
		B4FF8A4D27FB305A00A6CDCD /* TimerState.swift in Sources */ = {isa = PBXBuildFile; fileRef = B4FF8A3A27FB2EFE00A6CDCD /* TimerState.swift */; };
		B4FF8A4E27FB306300A6CDCD /* L10n.swift in Sources */ = {isa = PBXBuildFile; fileRef = B4FF8A0727FB271800A6CDCD /* L10n.swift */; };
/* End PBXBuildFile section */

/* Begin PBXContainerItemProxy section */
		B4FF89E027FB259A00A6CDCD /* PBXContainerItemProxy */ = {
			isa = PBXContainerItemProxy;
			containerPortal = B4FF89C727FB259300A6CDCD /* Project object */;
			proxyType = 1;
			remoteGlobalIDString = B4FF89CE27FB259300A6CDCD;
			remoteInfo = Quiz;
		};
		B4FF89EA27FB259A00A6CDCD /* PBXContainerItemProxy */ = {
			isa = PBXContainerItemProxy;
			containerPortal = B4FF89C727FB259300A6CDCD /* Project object */;
			proxyType = 1;
			remoteGlobalIDString = B4FF89CE27FB259300A6CDCD;
			remoteInfo = Quiz;
		};
/* End PBXContainerItemProxy section */

/* Begin PBXFileReference section */
		B4FF89CF27FB259300A6CDCD /* Quiz.app */ = {isa = PBXFileReference; explicitFileType = wrapper.application; includeInIndex = 0; path = Quiz.app; sourceTree = BUILT_PRODUCTS_DIR; };
		B4FF89D227FB259300A6CDCD /* QuizApp.swift */ = {isa = PBXFileReference; lastKnownFileType = sourcecode.swift; path = QuizApp.swift; sourceTree = "<group>"; };
		B4FF89D627FB259900A6CDCD /* Assets.xcassets */ = {isa = PBXFileReference; lastKnownFileType = folder.assetcatalog; path = Assets.xcassets; sourceTree = "<group>"; };
		B4FF89DF27FB259A00A6CDCD /* QuizTests.xctest */ = {isa = PBXFileReference; explicitFileType = wrapper.cfbundle; includeInIndex = 0; path = QuizTests.xctest; sourceTree = BUILT_PRODUCTS_DIR; };
		B4FF89E927FB259A00A6CDCD /* QuizUITests.xctest */ = {isa = PBXFileReference; explicitFileType = wrapper.cfbundle; includeInIndex = 0; path = QuizUITests.xctest; sourceTree = BUILT_PRODUCTS_DIR; };
		B4FF89ED27FB259A00A6CDCD /* QuizUITests.swift */ = {isa = PBXFileReference; lastKnownFileType = sourcecode.swift; path = QuizUITests.swift; sourceTree = "<group>"; };
		B4FF89EF27FB259A00A6CDCD /* QuizUITestsLaunchTests.swift */ = {isa = PBXFileReference; lastKnownFileType = sourcecode.swift; path = QuizUITestsLaunchTests.swift; sourceTree = "<group>"; };
		B4FF8A0627FB270B00A6CDCD /* Localizable.strings */ = {isa = PBXFileReference; lastKnownFileType = text.plist.strings; path = Localizable.strings; sourceTree = "<group>"; };
		B4FF8A0727FB271800A6CDCD /* L10n.swift */ = {isa = PBXFileReference; lastKnownFileType = sourcecode.swift; path = L10n.swift; sourceTree = "<group>"; };
		B4FF8A0C27FB275C00A6CDCD /* AlertInfo.swift */ = {isa = PBXFileReference; lastKnownFileType = sourcecode.swift; path = AlertInfo.swift; sourceTree = "<group>"; };
		B4FF8A0D27FB276000A6CDCD /* System.swift */ = {isa = PBXFileReference; lastKnownFileType = sourcecode.swift; path = System.swift; sourceTree = "<group>"; };
		B4FF8A1027FB277000A6CDCD /* Quiz.swift */ = {isa = PBXFileReference; lastKnownFileType = sourcecode.swift; path = Quiz.swift; sourceTree = "<group>"; };
		B4FF8A1827FB288D00A6CDCD /* QuizLoader.swift */ = {isa = PBXFileReference; lastKnownFileType = sourcecode.swift; path = QuizLoader.swift; sourceTree = "<group>"; };
		B4FF8A1B27FB28C400A6CDCD /* ResultView.swift */ = {isa = PBXFileReference; lastKnownFileType = sourcecode.swift; path = ResultView.swift; sourceTree = "<group>"; };
		B4FF8A1C27FB28C500A6CDCD /* ResultViewModel.swift */ = {isa = PBXFileReference; lastKnownFileType = sourcecode.swift; path = ResultViewModel.swift; sourceTree = "<group>"; };
		B4FF8A1E27FB28C500A6CDCD /* QuizViewModel.swift */ = {isa = PBXFileReference; lastKnownFileType = sourcecode.swift; path = QuizViewModel.swift; sourceTree = "<group>"; };
		B4FF8A1F27FB28C500A6CDCD /* QuizView.swift */ = {isa = PBXFileReference; lastKnownFileType = sourcecode.swift; path = QuizView.swift; sourceTree = "<group>"; };
		B4FF8A2127FB28C500A6CDCD /* LoadedQuizViewModel.swift */ = {isa = PBXFileReference; lastKnownFileType = sourcecode.swift; path = LoadedQuizViewModel.swift; sourceTree = "<group>"; };
		B4FF8A2227FB28C500A6CDCD /* LoadedQuizView.swift */ = {isa = PBXFileReference; lastKnownFileType = sourcecode.swift; path = LoadedQuizView.swift; sourceTree = "<group>"; };
		B4FF8A2E27FB290E00A6CDCD /* LoadedQuizViewModel+Preview.swift */ = {isa = PBXFileReference; lastKnownFileType = sourcecode.swift; path = "LoadedQuizViewModel+Preview.swift"; sourceTree = "<group>"; };
		B4FF8A2F27FB290E00A6CDCD /* QuizViewModel+Preview.swift */ = {isa = PBXFileReference; lastKnownFileType = sourcecode.swift; path = "QuizViewModel+Preview.swift"; sourceTree = "<group>"; };
		B4FF8A3027FB290E00A6CDCD /* ResultViewModel+Preview.swift */ = {isa = PBXFileReference; lastKnownFileType = sourcecode.swift; path = "ResultViewModel+Preview.swift"; sourceTree = "<group>"; };
		B4FF8A3427FB291D00A6CDCD /* PreviewQuizLoader.swift */ = {isa = PBXFileReference; lastKnownFileType = sourcecode.swift; path = PreviewQuizLoader.swift; sourceTree = "<group>"; };
		B4FF8A3627FB295500A6CDCD /* Array+String.swift */ = {isa = PBXFileReference; lastKnownFileType = sourcecode.swift; path = "Array+String.swift"; sourceTree = "<group>"; };
		B4FF8A3727FB295600A6CDCD /* Int.swift */ = {isa = PBXFileReference; lastKnownFileType = sourcecode.swift; path = Int.swift; sourceTree = "<group>"; };
		B4FF8A3A27FB2EFE00A6CDCD /* TimerState.swift */ = {isa = PBXFileReference; lastKnownFileType = sourcecode.swift; path = TimerState.swift; sourceTree = "<group>"; };
		B4FF8A4127FB2FC500A6CDCD /* QuizViewModelTests.swift */ = {isa = PBXFileReference; lastKnownFileType = sourcecode.swift; path = QuizViewModelTests.swift; sourceTree = "<group>"; };
		B4FF8A4427FB2FE600A6CDCD /* QuizLoader+Mock.swift */ = {isa = PBXFileReference; lastKnownFileType = sourcecode.swift; path = "QuizLoader+Mock.swift"; sourceTree = "<group>"; };
		B4FF8A4527FB2FE900A6CDCD /* Quiz+Mock.swift */ = {isa = PBXFileReference; lastKnownFileType = sourcecode.swift; path = "Quiz+Mock.swift"; sourceTree = "<group>"; };
/* End PBXFileReference section */

/* Begin PBXFrameworksBuildPhase section */
		B4FF89CC27FB259300A6CDCD /* Frameworks */ = {
			isa = PBXFrameworksBuildPhase;
			buildActionMask = 2147483647;
			files = (
			);
			runOnlyForDeploymentPostprocessing = 0;
		};
		B4FF89DC27FB259A00A6CDCD /* Frameworks */ = {
			isa = PBXFrameworksBuildPhase;
			buildActionMask = 2147483647;
			files = (
			);
			runOnlyForDeploymentPostprocessing = 0;
		};
		B4FF89E627FB259A00A6CDCD /* Frameworks */ = {
			isa = PBXFrameworksBuildPhase;
			buildActionMask = 2147483647;
			files = (
			);
			runOnlyForDeploymentPostprocessing = 0;
		};
/* End PBXFrameworksBuildPhase section */

/* Begin PBXGroup section */
		B4FF89C627FB259300A6CDCD = {
			isa = PBXGroup;
			children = (
				B4FF89D127FB259300A6CDCD /* Quiz */,
				B4FF89E227FB259A00A6CDCD /* QuizTests */,
				B4FF89EC27FB259A00A6CDCD /* QuizUITests */,
				B4FF89D027FB259300A6CDCD /* Products */,
			);
			sourceTree = "<group>";
		};
		B4FF89D027FB259300A6CDCD /* Products */ = {
			isa = PBXGroup;
			children = (
				B4FF89CF27FB259300A6CDCD /* Quiz.app */,
				B4FF89DF27FB259A00A6CDCD /* QuizTests.xctest */,
				B4FF89E927FB259A00A6CDCD /* QuizUITests.xctest */,
			);
			name = Products;
			sourceTree = "<group>";
		};
		B4FF89D127FB259300A6CDCD /* Quiz */ = {
			isa = PBXGroup;
			children = (
				B4FF89FC27FB26A400A6CDCD /* App */,
				B4FF89FD27FB26BB00A6CDCD /* Core */,
				B4FF89FE27FB26C100A6CDCD /* UI */,
			);
			path = Quiz;
			sourceTree = "<group>";
		};
		B4FF89D827FB259900A6CDCD /* Preview Content */ = {
			isa = PBXGroup;
			children = (
				B4FF8A0B27FB273400A6CDCD /* Service */,
				B4FF8A0A27FB273000A6CDCD /* UI */,
			);
			path = "Preview Content";
			sourceTree = "<group>";
		};
		B4FF89E227FB259A00A6CDCD /* QuizTests */ = {
			isa = PBXGroup;
			children = (
				B4FF8A3C27FB2F8500A6CDCD /* Helpers */,
				B4FF8A3D27FB2F8A00A6CDCD /* Service */,
				B4FF8A3E27FB2F8F00A6CDCD /* UI */,
				B4FF8A3F27FB2F9600A6CDCD /* Mocks */,
			);
			path = QuizTests;
			sourceTree = "<group>";
		};
		B4FF89EC27FB259A00A6CDCD /* QuizUITests */ = {
			isa = PBXGroup;
			children = (
				B4FF89ED27FB259A00A6CDCD /* QuizUITests.swift */,
				B4FF89EF27FB259A00A6CDCD /* QuizUITestsLaunchTests.swift */,
			);
			path = QuizUITests;
			sourceTree = "<group>";
		};
		B4FF89FC27FB26A400A6CDCD /* App */ = {
			isa = PBXGroup;
			children = (
				B4FF89D227FB259300A6CDCD /* QuizApp.swift */,
			);
			path = App;
			sourceTree = "<group>";
		};
		B4FF89FD27FB26BB00A6CDCD /* Core */ = {
			isa = PBXGroup;
			children = (
				B4FF8A0227FB26DD00A6CDCD /* Extension */,
				B4FF8A0127FB26D800A6CDCD /* Network */,
				B4FF8A0027FB26D300A6CDCD /* Service */,
				B4FF89FF27FB26D000A6CDCD /* Model */,
			);
			path = Core;
			sourceTree = "<group>";
		};
		B4FF89FE27FB26C100A6CDCD /* UI */ = {
			isa = PBXGroup;
			children = (
				B4FF8A0527FB26FD00A6CDCD /* Components */,
				B4FF8A0427FB26F800A6CDCD /* Features */,
				B4FF8A0327FB26EA00A6CDCD /* Resources */,
			);
			path = UI;
			sourceTree = "<group>";
		};
		B4FF89FF27FB26D000A6CDCD /* Model */ = {
			isa = PBXGroup;
			children = (
				B4FF8A1027FB277000A6CDCD /* Quiz.swift */,
			);
			path = Model;
			sourceTree = "<group>";
		};
		B4FF8A0027FB26D300A6CDCD /* Service */ = {
			isa = PBXGroup;
			children = (
				B4FF8A1827FB288D00A6CDCD /* QuizLoader.swift */,
			);
			path = Service;
			sourceTree = "<group>";
		};
		B4FF8A0127FB26D800A6CDCD /* Network */ = {
			isa = PBXGroup;
			children = (
			);
			path = Network;
			sourceTree = "<group>";
		};
		B4FF8A0227FB26DD00A6CDCD /* Extension */ = {
			isa = PBXGroup;
			children = (
				B4FF8A3627FB295500A6CDCD /* Array+String.swift */,
				B4FF8A3727FB295600A6CDCD /* Int.swift */,
			);
			path = Extension;
			sourceTree = "<group>";
		};
		B4FF8A0327FB26EA00A6CDCD /* Resources */ = {
			isa = PBXGroup;
			children = (
				B4FF8A0627FB270B00A6CDCD /* Localizable.strings */,
				B4FF8A0727FB271800A6CDCD /* L10n.swift */,
				B4FF89D627FB259900A6CDCD /* Assets.xcassets */,
				B4FF89D827FB259900A6CDCD /* Preview Content */,
			);
			path = Resources;
			sourceTree = "<group>";
		};
		B4FF8A0427FB26F800A6CDCD /* Features */ = {
			isa = PBXGroup;
			children = (
				B4FF8A1D27FB28C500A6CDCD /* QuizView */,
				B4FF8A2027FB28C500A6CDCD /* LoadedQuiz */,
				B4FF8A1A27FB28C400A6CDCD /* ResultView */,
			);
			path = Features;
			sourceTree = "<group>";
		};
		B4FF8A0527FB26FD00A6CDCD /* Components */ = {
			isa = PBXGroup;
			children = (
				B4FF8A0C27FB275C00A6CDCD /* AlertInfo.swift */,
				B4FF8A3A27FB2EFE00A6CDCD /* TimerState.swift */,
				B4FF8A0D27FB276000A6CDCD /* System.swift */,
			);
			path = Components;
			sourceTree = "<group>";
		};
		B4FF8A0A27FB273000A6CDCD /* UI */ = {
			isa = PBXGroup;
			children = (
				B4FF8A2E27FB290E00A6CDCD /* LoadedQuizViewModel+Preview.swift */,
				B4FF8A2F27FB290E00A6CDCD /* QuizViewModel+Preview.swift */,
				B4FF8A3027FB290E00A6CDCD /* ResultViewModel+Preview.swift */,
			);
			path = UI;
			sourceTree = "<group>";
		};
		B4FF8A0B27FB273400A6CDCD /* Service */ = {
			isa = PBXGroup;
			children = (
				B4FF8A3427FB291D00A6CDCD /* PreviewQuizLoader.swift */,
			);
			path = Service;
			sourceTree = "<group>";
		};
		B4FF8A1A27FB28C400A6CDCD /* ResultView */ = {
			isa = PBXGroup;
			children = (
				B4FF8A1B27FB28C400A6CDCD /* ResultView.swift */,
				B4FF8A1C27FB28C500A6CDCD /* ResultViewModel.swift */,
			);
			path = ResultView;
			sourceTree = "<group>";
		};
		B4FF8A1D27FB28C500A6CDCD /* QuizView */ = {
			isa = PBXGroup;
			children = (
				B4FF8A1F27FB28C500A6CDCD /* QuizView.swift */,
				B4FF8A1E27FB28C500A6CDCD /* QuizViewModel.swift */,
			);
			path = QuizView;
			sourceTree = "<group>";
		};
		B4FF8A2027FB28C500A6CDCD /* LoadedQuiz */ = {
			isa = PBXGroup;
			children = (
				B4FF8A2227FB28C500A6CDCD /* LoadedQuizView.swift */,
				B4FF8A2127FB28C500A6CDCD /* LoadedQuizViewModel.swift */,
			);
			path = LoadedQuiz;
			sourceTree = "<group>";
		};
		B4FF8A3C27FB2F8500A6CDCD /* Helpers */ = {
			isa = PBXGroup;
			children = (
			);
			path = Helpers;
			sourceTree = "<group>";
		};
		B4FF8A3D27FB2F8A00A6CDCD /* Service */ = {
			isa = PBXGroup;
			children = (
			);
			path = Service;
			sourceTree = "<group>";
		};
		B4FF8A3E27FB2F8F00A6CDCD /* UI */ = {
			isa = PBXGroup;
			children = (
				B4FF8A4127FB2FC500A6CDCD /* QuizViewModelTests.swift */,
			);
			path = UI;
			sourceTree = "<group>";
		};
		B4FF8A3F27FB2F9600A6CDCD /* Mocks */ = {
			isa = PBXGroup;
			children = (
				B4FF8A4427FB2FE600A6CDCD /* QuizLoader+Mock.swift */,
				B4FF8A4527FB2FE900A6CDCD /* Quiz+Mock.swift */,
			);
			path = Mocks;
			sourceTree = "<group>";
		};
/* End PBXGroup section */

/* Begin PBXNativeTarget section */
		B4FF89CE27FB259300A6CDCD /* Quiz */ = {
			isa = PBXNativeTarget;
			buildConfigurationList = B4FF89F327FB259A00A6CDCD /* Build configuration list for PBXNativeTarget "Quiz" */;
			buildPhases = (
				B4FF89CB27FB259300A6CDCD /* Sources */,
				B4FF89CC27FB259300A6CDCD /* Frameworks */,
				B4FF89CD27FB259300A6CDCD /* Resources */,
			);
			buildRules = (
			);
			dependencies = (
			);
			name = Quiz;
			productName = Quiz;
			productReference = B4FF89CF27FB259300A6CDCD /* Quiz.app */;
			productType = "com.apple.product-type.application";
		};
		B4FF89DE27FB259A00A6CDCD /* QuizTests */ = {
			isa = PBXNativeTarget;
			buildConfigurationList = B4FF89F627FB259A00A6CDCD /* Build configuration list for PBXNativeTarget "QuizTests" */;
			buildPhases = (
				B4FF89DB27FB259A00A6CDCD /* Sources */,
				B4FF89DC27FB259A00A6CDCD /* Frameworks */,
				B4FF89DD27FB259A00A6CDCD /* Resources */,
			);
			buildRules = (
			);
			dependencies = (
				B4FF89E127FB259A00A6CDCD /* PBXTargetDependency */,
			);
			name = QuizTests;
			productName = QuizTests;
			productReference = B4FF89DF27FB259A00A6CDCD /* QuizTests.xctest */;
			productType = "com.apple.product-type.bundle.unit-test";
		};
		B4FF89E827FB259A00A6CDCD /* QuizUITests */ = {
			isa = PBXNativeTarget;
			buildConfigurationList = B4FF89F927FB259A00A6CDCD /* Build configuration list for PBXNativeTarget "QuizUITests" */;
			buildPhases = (
				B4FF89E527FB259A00A6CDCD /* Sources */,
				B4FF89E627FB259A00A6CDCD /* Frameworks */,
				B4FF89E727FB259A00A6CDCD /* Resources */,
			);
			buildRules = (
			);
			dependencies = (
				B4FF89EB27FB259A00A6CDCD /* PBXTargetDependency */,
			);
			name = QuizUITests;
			productName = QuizUITests;
			productReference = B4FF89E927FB259A00A6CDCD /* QuizUITests.xctest */;
			productType = "com.apple.product-type.bundle.ui-testing";
		};
/* End PBXNativeTarget section */

/* Begin PBXProject section */
		B4FF89C727FB259300A6CDCD /* Project object */ = {
			isa = PBXProject;
			attributes = {
				BuildIndependentTargetsInParallel = 1;
				LastSwiftUpdateCheck = 1330;
				LastUpgradeCheck = 1330;
				TargetAttributes = {
					B4FF89CE27FB259300A6CDCD = {
						CreatedOnToolsVersion = 13.3;
					};
					B4FF89DE27FB259A00A6CDCD = {
						CreatedOnToolsVersion = 13.3;
						TestTargetID = B4FF89CE27FB259300A6CDCD;
					};
					B4FF89E827FB259A00A6CDCD = {
						CreatedOnToolsVersion = 13.3;
						TestTargetID = B4FF89CE27FB259300A6CDCD;
					};
				};
			};
			buildConfigurationList = B4FF89CA27FB259300A6CDCD /* Build configuration list for PBXProject "Quiz" */;
			compatibilityVersion = "Xcode 13.0";
			developmentRegion = en;
			hasScannedForEncodings = 0;
			knownRegions = (
				en,
				Base,
			);
			mainGroup = B4FF89C627FB259300A6CDCD;
			productRefGroup = B4FF89D027FB259300A6CDCD /* Products */;
			projectDirPath = "";
			projectRoot = "";
			targets = (
				B4FF89CE27FB259300A6CDCD /* Quiz */,
				B4FF89DE27FB259A00A6CDCD /* QuizTests */,
				B4FF89E827FB259A00A6CDCD /* QuizUITests */,
			);
		};
/* End PBXProject section */

/* Begin PBXResourcesBuildPhase section */
		B4FF89CD27FB259300A6CDCD /* Resources */ = {
			isa = PBXResourcesBuildPhase;
			buildActionMask = 2147483647;
			files = (
				B4FF8A0927FB271C00A6CDCD /* Localizable.strings in Resources */,
				B4FF89D727FB259900A6CDCD /* Assets.xcassets in Resources */,
			);
			runOnlyForDeploymentPostprocessing = 0;
		};
		B4FF89DD27FB259A00A6CDCD /* Resources */ = {
			isa = PBXResourcesBuildPhase;
			buildActionMask = 2147483647;
			files = (
			);
			runOnlyForDeploymentPostprocessing = 0;
		};
		B4FF89E727FB259A00A6CDCD /* Resources */ = {
			isa = PBXResourcesBuildPhase;
			buildActionMask = 2147483647;
			files = (
			);
			runOnlyForDeploymentPostprocessing = 0;
		};
/* End PBXResourcesBuildPhase section */

/* Begin PBXSourcesBuildPhase section */
		B4FF89CB27FB259300A6CDCD /* Sources */ = {
			isa = PBXSourcesBuildPhase;
			buildActionMask = 2147483647;
			files = (
				B4FF8A1127FB277400A6CDCD /* Quiz.swift in Sources */,
				B4FF8A2327FB28DB00A6CDCD /* ResultViewModel.swift in Sources */,
				B4FF8A2D27FB28F200A6CDCD /* LoadedQuizViewModel.swift in Sources */,
				B4FF8A2727FB28E300A6CDCD /* LoadedQuizView.swift in Sources */,
				B4FF8A3527FB292100A6CDCD /* PreviewQuizLoader.swift in Sources */,
				B4FF8A3827FB295900A6CDCD /* Array+String.swift in Sources */,
				B4FF8A1927FB289100A6CDCD /* QuizLoader.swift in Sources */,
				B4FF8A0F27FB276700A6CDCD /* System.swift in Sources */,
				B4FF8A0827FB271800A6CDCD /* L10n.swift in Sources */,
				B4FF8A2B27FB28EC00A6CDCD /* QuizViewModel.swift in Sources */,
				B4FF8A2527FB28E000A6CDCD /* ResultView.swift in Sources */,
				B4FF8A2927FB28E700A6CDCD /* QuizView.swift in Sources */,
				B4FF8A3B27FB2EFE00A6CDCD /* TimerState.swift in Sources */,
				B4FF89D327FB259300A6CDCD /* QuizApp.swift in Sources */,
				B4FF8A3327FB291100A6CDCD /* ResultViewModel+Preview.swift in Sources */,
				B4FF8A0E27FB276500A6CDCD /* AlertInfo.swift in Sources */,
				B4FF8A3927FB295C00A6CDCD /* Int.swift in Sources */,
				B4FF8A3127FB291100A6CDCD /* QuizViewModel+Preview.swift in Sources */,
				B4FF8A3227FB291100A6CDCD /* LoadedQuizViewModel+Preview.swift in Sources */,
			);
			runOnlyForDeploymentPostprocessing = 0;
		};
		B4FF89DB27FB259A00A6CDCD /* Sources */ = {
			isa = PBXSourcesBuildPhase;
			buildActionMask = 2147483647;
			files = (
				B4FF8A4B27FB304B00A6CDCD /* Array+String.swift in Sources */,
				B4FF8A4D27FB305A00A6CDCD /* TimerState.swift in Sources */,
				B4FF8A2427FB28DD00A6CDCD /* ResultViewModel.swift in Sources */,
				B4FF8A4627FB2FEF00A6CDCD /* QuizLoader+Mock.swift in Sources */,
				B4FF8A2C27FB28F100A6CDCD /* LoadedQuizViewModel.swift in Sources */,
				B4FF8A2A27FB28EC00A6CDCD /* QuizViewModel.swift in Sources */,
				B4FF8A4C27FB305500A6CDCD /* AlertInfo.swift in Sources */,
				B4FF8A4227FB2FC800A6CDCD /* QuizViewModelTests.swift in Sources */,
				B4FF8A4827FB2FFC00A6CDCD /* QuizLoader.swift in Sources */,
				B4FF8A4A27FB304800A6CDCD /* Int.swift in Sources */,
				B4FF8A4E27FB306300A6CDCD /* L10n.swift in Sources */,
				B4FF8A4727FB2FEF00A6CDCD /* Quiz+Mock.swift in Sources */,
				B4FF8A4927FB303100A6CDCD /* Quiz.swift in Sources */,
			);
			runOnlyForDeploymentPostprocessing = 0;
		};
		B4FF89E527FB259A00A6CDCD /* Sources */ = {
			isa = PBXSourcesBuildPhase;
			buildActionMask = 2147483647;
			files = (
				B4FF89EE27FB259A00A6CDCD /* QuizUITests.swift in Sources */,
				B4FF89F027FB259A00A6CDCD /* QuizUITestsLaunchTests.swift in Sources */,
			);
			runOnlyForDeploymentPostprocessing = 0;
		};
/* End PBXSourcesBuildPhase section */

/* Begin PBXTargetDependency section */
		B4FF89E127FB259A00A6CDCD /* PBXTargetDependency */ = {
			isa = PBXTargetDependency;
			target = B4FF89CE27FB259300A6CDCD /* Quiz */;
			targetProxy = B4FF89E027FB259A00A6CDCD /* PBXContainerItemProxy */;
		};
		B4FF89EB27FB259A00A6CDCD /* PBXTargetDependency */ = {
			isa = PBXTargetDependency;
			target = B4FF89CE27FB259300A6CDCD /* Quiz */;
			targetProxy = B4FF89EA27FB259A00A6CDCD /* PBXContainerItemProxy */;
		};
/* End PBXTargetDependency section */

/* Begin XCBuildConfiguration section */
		B4FF89F127FB259A00A6CDCD /* Debug */ = {
			isa = XCBuildConfiguration;
			buildSettings = {
				ALWAYS_SEARCH_USER_PATHS = NO;
				CLANG_ANALYZER_NONNULL = YES;
				CLANG_ANALYZER_NUMBER_OBJECT_CONVERSION = YES_AGGRESSIVE;
				CLANG_CXX_LANGUAGE_STANDARD = "gnu++17";
				CLANG_ENABLE_MODULES = YES;
				CLANG_ENABLE_OBJC_ARC = YES;
				CLANG_ENABLE_OBJC_WEAK = YES;
				CLANG_WARN_BLOCK_CAPTURE_AUTORELEASING = YES;
				CLANG_WARN_BOOL_CONVERSION = YES;
				CLANG_WARN_COMMA = YES;
				CLANG_WARN_CONSTANT_CONVERSION = YES;
				CLANG_WARN_DEPRECATED_OBJC_IMPLEMENTATIONS = YES;
				CLANG_WARN_DIRECT_OBJC_ISA_USAGE = YES_ERROR;
				CLANG_WARN_DOCUMENTATION_COMMENTS = YES;
				CLANG_WARN_EMPTY_BODY = YES;
				CLANG_WARN_ENUM_CONVERSION = YES;
				CLANG_WARN_INFINITE_RECURSION = YES;
				CLANG_WARN_INT_CONVERSION = YES;
				CLANG_WARN_NON_LITERAL_NULL_CONVERSION = YES;
				CLANG_WARN_OBJC_IMPLICIT_RETAIN_SELF = YES;
				CLANG_WARN_OBJC_LITERAL_CONVERSION = YES;
				CLANG_WARN_OBJC_ROOT_CLASS = YES_ERROR;
				CLANG_WARN_QUOTED_INCLUDE_IN_FRAMEWORK_HEADER = YES;
				CLANG_WARN_RANGE_LOOP_ANALYSIS = YES;
				CLANG_WARN_STRICT_PROTOTYPES = YES;
				CLANG_WARN_SUSPICIOUS_MOVE = YES;
				CLANG_WARN_UNGUARDED_AVAILABILITY = YES_AGGRESSIVE;
				CLANG_WARN_UNREACHABLE_CODE = YES;
				CLANG_WARN__DUPLICATE_METHOD_MATCH = YES;
				COPY_PHASE_STRIP = NO;
				DEBUG_INFORMATION_FORMAT = dwarf;
				ENABLE_STRICT_OBJC_MSGSEND = YES;
				ENABLE_TESTABILITY = YES;
				GCC_C_LANGUAGE_STANDARD = gnu11;
				GCC_DYNAMIC_NO_PIC = NO;
				GCC_NO_COMMON_BLOCKS = YES;
				GCC_OPTIMIZATION_LEVEL = 0;
				GCC_PREPROCESSOR_DEFINITIONS = (
					"DEBUG=1",
					"$(inherited)",
				);
				GCC_WARN_64_TO_32_BIT_CONVERSION = YES;
				GCC_WARN_ABOUT_RETURN_TYPE = YES_ERROR;
				GCC_WARN_UNDECLARED_SELECTOR = YES;
				GCC_WARN_UNINITIALIZED_AUTOS = YES_AGGRESSIVE;
				GCC_WARN_UNUSED_FUNCTION = YES;
				GCC_WARN_UNUSED_VARIABLE = YES;
				IPHONEOS_DEPLOYMENT_TARGET = 15.4;
				MTL_ENABLE_DEBUG_INFO = INCLUDE_SOURCE;
				MTL_FAST_MATH = YES;
				ONLY_ACTIVE_ARCH = YES;
				SDKROOT = iphoneos;
				SWIFT_ACTIVE_COMPILATION_CONDITIONS = DEBUG;
				SWIFT_OPTIMIZATION_LEVEL = "-Onone";
			};
			name = Debug;
		};
		B4FF89F227FB259A00A6CDCD /* Release */ = {
			isa = XCBuildConfiguration;
			buildSettings = {
				ALWAYS_SEARCH_USER_PATHS = NO;
				CLANG_ANALYZER_NONNULL = YES;
				CLANG_ANALYZER_NUMBER_OBJECT_CONVERSION = YES_AGGRESSIVE;
				CLANG_CXX_LANGUAGE_STANDARD = "gnu++17";
				CLANG_ENABLE_MODULES = YES;
				CLANG_ENABLE_OBJC_ARC = YES;
				CLANG_ENABLE_OBJC_WEAK = YES;
				CLANG_WARN_BLOCK_CAPTURE_AUTORELEASING = YES;
				CLANG_WARN_BOOL_CONVERSION = YES;
				CLANG_WARN_COMMA = YES;
				CLANG_WARN_CONSTANT_CONVERSION = YES;
				CLANG_WARN_DEPRECATED_OBJC_IMPLEMENTATIONS = YES;
				CLANG_WARN_DIRECT_OBJC_ISA_USAGE = YES_ERROR;
				CLANG_WARN_DOCUMENTATION_COMMENTS = YES;
				CLANG_WARN_EMPTY_BODY = YES;
				CLANG_WARN_ENUM_CONVERSION = YES;
				CLANG_WARN_INFINITE_RECURSION = YES;
				CLANG_WARN_INT_CONVERSION = YES;
				CLANG_WARN_NON_LITERAL_NULL_CONVERSION = YES;
				CLANG_WARN_OBJC_IMPLICIT_RETAIN_SELF = YES;
				CLANG_WARN_OBJC_LITERAL_CONVERSION = YES;
				CLANG_WARN_OBJC_ROOT_CLASS = YES_ERROR;
				CLANG_WARN_QUOTED_INCLUDE_IN_FRAMEWORK_HEADER = YES;
				CLANG_WARN_RANGE_LOOP_ANALYSIS = YES;
				CLANG_WARN_STRICT_PROTOTYPES = YES;
				CLANG_WARN_SUSPICIOUS_MOVE = YES;
				CLANG_WARN_UNGUARDED_AVAILABILITY = YES_AGGRESSIVE;
				CLANG_WARN_UNREACHABLE_CODE = YES;
				CLANG_WARN__DUPLICATE_METHOD_MATCH = YES;
				COPY_PHASE_STRIP = NO;
				DEBUG_INFORMATION_FORMAT = "dwarf-with-dsym";
				ENABLE_NS_ASSERTIONS = NO;
				ENABLE_STRICT_OBJC_MSGSEND = YES;
				GCC_C_LANGUAGE_STANDARD = gnu11;
				GCC_NO_COMMON_BLOCKS = YES;
				GCC_WARN_64_TO_32_BIT_CONVERSION = YES;
				GCC_WARN_ABOUT_RETURN_TYPE = YES_ERROR;
				GCC_WARN_UNDECLARED_SELECTOR = YES;
				GCC_WARN_UNINITIALIZED_AUTOS = YES_AGGRESSIVE;
				GCC_WARN_UNUSED_FUNCTION = YES;
				GCC_WARN_UNUSED_VARIABLE = YES;
				IPHONEOS_DEPLOYMENT_TARGET = 15.4;
				MTL_ENABLE_DEBUG_INFO = NO;
				MTL_FAST_MATH = YES;
				SDKROOT = iphoneos;
				SWIFT_COMPILATION_MODE = wholemodule;
				SWIFT_OPTIMIZATION_LEVEL = "-O";
				VALIDATE_PRODUCT = YES;
			};
			name = Release;
		};
		B4FF89F427FB259A00A6CDCD /* Debug */ = {
			isa = XCBuildConfiguration;
			buildSettings = {
				ASSETCATALOG_COMPILER_APPICON_NAME = AppIcon;
				ASSETCATALOG_COMPILER_GLOBAL_ACCENT_COLOR_NAME = AccentColor;
				CODE_SIGN_STYLE = Automatic;
				CURRENT_PROJECT_VERSION = 1;
				DEVELOPMENT_ASSET_PATHS = "Quiz/UI/Resources/Preview\\ Content";
				DEVELOPMENT_TEAM = 7534L23A6Y;
				ENABLE_PREVIEWS = YES;
				GENERATE_INFOPLIST_FILE = YES;
				INFOPLIST_KEY_UIApplicationSceneManifest_Generation = YES;
				INFOPLIST_KEY_UIApplicationSupportsIndirectInputEvents = YES;
				INFOPLIST_KEY_UILaunchScreen_Generation = YES;
				INFOPLIST_KEY_UISupportedInterfaceOrientations_iPad = "UIInterfaceOrientationPortrait UIInterfaceOrientationPortraitUpsideDown UIInterfaceOrientationLandscapeLeft UIInterfaceOrientationLandscapeRight";
				INFOPLIST_KEY_UISupportedInterfaceOrientations_iPhone = "UIInterfaceOrientationPortrait UIInterfaceOrientationLandscapeLeft UIInterfaceOrientationLandscapeRight";
				LD_RUNPATH_SEARCH_PATHS = (
					"$(inherited)",
					"@executable_path/Frameworks",
				);
				MARKETING_VERSION = 1.0;
				PRODUCT_BUNDLE_IDENTIFIER = com.augustomontc.Quiz;
				PRODUCT_NAME = "$(TARGET_NAME)";
				SWIFT_EMIT_LOC_STRINGS = YES;
				SWIFT_VERSION = 5.0;
				TARGETED_DEVICE_FAMILY = "1,2";
			};
			name = Debug;
		};
		B4FF89F527FB259A00A6CDCD /* Release */ = {
			isa = XCBuildConfiguration;
			buildSettings = {
				ASSETCATALOG_COMPILER_APPICON_NAME = AppIcon;
				ASSETCATALOG_COMPILER_GLOBAL_ACCENT_COLOR_NAME = AccentColor;
				CODE_SIGN_STYLE = Automatic;
				CURRENT_PROJECT_VERSION = 1;
				DEVELOPMENT_ASSET_PATHS = "Quiz/UI/Resources/Preview\\ Content";
				DEVELOPMENT_TEAM = 7534L23A6Y;
				ENABLE_PREVIEWS = YES;
				GENERATE_INFOPLIST_FILE = YES;
				INFOPLIST_KEY_UIApplicationSceneManifest_Generation = YES;
				INFOPLIST_KEY_UIApplicationSupportsIndirectInputEvents = YES;
				INFOPLIST_KEY_UILaunchScreen_Generation = YES;
				INFOPLIST_KEY_UISupportedInterfaceOrientations_iPad = "UIInterfaceOrientationPortrait UIInterfaceOrientationPortraitUpsideDown UIInterfaceOrientationLandscapeLeft UIInterfaceOrientationLandscapeRight";
				INFOPLIST_KEY_UISupportedInterfaceOrientations_iPhone = "UIInterfaceOrientationPortrait UIInterfaceOrientationLandscapeLeft UIInterfaceOrientationLandscapeRight";
				LD_RUNPATH_SEARCH_PATHS = (
					"$(inherited)",
					"@executable_path/Frameworks",
				);
				MARKETING_VERSION = 1.0;
				PRODUCT_BUNDLE_IDENTIFIER = com.augustomontc.Quiz;
				PRODUCT_NAME = "$(TARGET_NAME)";
				SWIFT_EMIT_LOC_STRINGS = YES;
				SWIFT_VERSION = 5.0;
				TARGETED_DEVICE_FAMILY = "1,2";
			};
			name = Release;
		};
		B4FF89F727FB259A00A6CDCD /* Debug */ = {
			isa = XCBuildConfiguration;
			buildSettings = {
				ALWAYS_EMBED_SWIFT_STANDARD_LIBRARIES = YES;
				BUNDLE_LOADER = "$(TEST_HOST)";
				CODE_SIGN_STYLE = Automatic;
				CURRENT_PROJECT_VERSION = 1;
				DEVELOPMENT_TEAM = 7534L23A6Y;
				GENERATE_INFOPLIST_FILE = YES;
				IPHONEOS_DEPLOYMENT_TARGET = 15.4;
				MARKETING_VERSION = 1.0;
				PRODUCT_BUNDLE_IDENTIFIER = com.augustomontc.QuizTests;
				PRODUCT_NAME = "$(TARGET_NAME)";
				SWIFT_EMIT_LOC_STRINGS = NO;
				SWIFT_VERSION = 5.0;
				TARGETED_DEVICE_FAMILY = "1,2";
				TEST_HOST = "$(BUILT_PRODUCTS_DIR)/Quiz.app/Quiz";
			};
			name = Debug;
		};
		B4FF89F827FB259A00A6CDCD /* Release */ = {
			isa = XCBuildConfiguration;
			buildSettings = {
				ALWAYS_EMBED_SWIFT_STANDARD_LIBRARIES = YES;
				BUNDLE_LOADER = "$(TEST_HOST)";
				CODE_SIGN_STYLE = Automatic;
				CURRENT_PROJECT_VERSION = 1;
				DEVELOPMENT_TEAM = 7534L23A6Y;
				GENERATE_INFOPLIST_FILE = YES;
				IPHONEOS_DEPLOYMENT_TARGET = 15.4;
				MARKETING_VERSION = 1.0;
				PRODUCT_BUNDLE_IDENTIFIER = com.augustomontc.QuizTests;
				PRODUCT_NAME = "$(TARGET_NAME)";
				SWIFT_EMIT_LOC_STRINGS = NO;
				SWIFT_VERSION = 5.0;
				TARGETED_DEVICE_FAMILY = "1,2";
				TEST_HOST = "$(BUILT_PRODUCTS_DIR)/Quiz.app/Quiz";
			};
			name = Release;
		};
		B4FF89FA27FB259A00A6CDCD /* Debug */ = {
			isa = XCBuildConfiguration;
			buildSettings = {
				ALWAYS_EMBED_SWIFT_STANDARD_LIBRARIES = YES;
				CODE_SIGN_STYLE = Automatic;
				CURRENT_PROJECT_VERSION = 1;
				DEVELOPMENT_TEAM = 7534L23A6Y;
				GENERATE_INFOPLIST_FILE = YES;
				MARKETING_VERSION = 1.0;
				PRODUCT_BUNDLE_IDENTIFIER = com.augustomontc.QuizUITests;
				PRODUCT_NAME = "$(TARGET_NAME)";
				SWIFT_EMIT_LOC_STRINGS = NO;
				SWIFT_VERSION = 5.0;
				TARGETED_DEVICE_FAMILY = "1,2";
				TEST_TARGET_NAME = Quiz;
			};
			name = Debug;
		};
		B4FF89FB27FB259A00A6CDCD /* Release */ = {
			isa = XCBuildConfiguration;
			buildSettings = {
				ALWAYS_EMBED_SWIFT_STANDARD_LIBRARIES = YES;
				CODE_SIGN_STYLE = Automatic;
				CURRENT_PROJECT_VERSION = 1;
				DEVELOPMENT_TEAM = 7534L23A6Y;
				GENERATE_INFOPLIST_FILE = YES;
				MARKETING_VERSION = 1.0;
				PRODUCT_BUNDLE_IDENTIFIER = com.augustomontc.QuizUITests;
				PRODUCT_NAME = "$(TARGET_NAME)";
				SWIFT_EMIT_LOC_STRINGS = NO;
				SWIFT_VERSION = 5.0;
				TARGETED_DEVICE_FAMILY = "1,2";
				TEST_TARGET_NAME = Quiz;
			};
			name = Release;
		};
/* End XCBuildConfiguration section */

/* Begin XCConfigurationList section */
		B4FF89CA27FB259300A6CDCD /* Build configuration list for PBXProject "Quiz" */ = {
			isa = XCConfigurationList;
			buildConfigurations = (
				B4FF89F127FB259A00A6CDCD /* Debug */,
				B4FF89F227FB259A00A6CDCD /* Release */,
			);
			defaultConfigurationIsVisible = 0;
			defaultConfigurationName = Release;
		};
		B4FF89F327FB259A00A6CDCD /* Build configuration list for PBXNativeTarget "Quiz" */ = {
			isa = XCConfigurationList;
			buildConfigurations = (
				B4FF89F427FB259A00A6CDCD /* Debug */,
				B4FF89F527FB259A00A6CDCD /* Release */,
			);
			defaultConfigurationIsVisible = 0;
			defaultConfigurationName = Release;
		};
		B4FF89F627FB259A00A6CDCD /* Build configuration list for PBXNativeTarget "QuizTests" */ = {
			isa = XCConfigurationList;
			buildConfigurations = (
				B4FF89F727FB259A00A6CDCD /* Debug */,
				B4FF89F827FB259A00A6CDCD /* Release */,
			);
			defaultConfigurationIsVisible = 0;
			defaultConfigurationName = Release;
		};
		B4FF89F927FB259A00A6CDCD /* Build configuration list for PBXNativeTarget "QuizUITests" */ = {
			isa = XCConfigurationList;
			buildConfigurations = (
				B4FF89FA27FB259A00A6CDCD /* Debug */,
				B4FF89FB27FB259A00A6CDCD /* Release */,
			);
			defaultConfigurationIsVisible = 0;
			defaultConfigurationName = Release;
		};
/* End XCConfigurationList section */
	};
	rootObject = B4FF89C727FB259300A6CDCD /* Project object */;
}
